
Microsoft Visual Studio Solution File, Format Version 12.00
# Visual Studio Version 17
VisualStudioVersion = 17.0.31903.59
MinimumVisualStudioVersion = 10.0.40219.1
Project("{9A19103F-16F7-4668-BE54-9A1E7A4F7556}") = "Eclair", "Eclair\Eclair.csproj", "{AF4DD125-9F59-4EB6-9E14-E8A4C41386C1}"
EndProject
Project("{9A19103F-16F7-4668-BE54-9A1E7A4F7556}") = "Eclair.Android", "Eclair.Android\Eclair.Android.csproj", "{7F266657-44A4-45A6-BDCB-F270E5CA0701}"
EndProject
Project("{9A19103F-16F7-4668-BE54-9A1E7A4F7556}") = "Eclair.Desktop", "Eclair.Desktop\Eclair.Desktop.csproj", "{FEC1E86E-8DD7-4E77-BB5D-B22CB80F4F3D}"
EndProject
Global
	GlobalSection(SolutionConfigurationPlatforms) = preSolution
		Debug|Any CPU = Debug|Any CPU
		Release|Any CPU = Release|Any CPU
	EndGlobalSection
	GlobalSection(ProjectConfigurationPlatforms) = postSolution
		{AF4DD125-9F59-4EB6-9E14-E8A4C41386C1}.Debug|Any CPU.ActiveCfg = Debug|Any CPU
		{AF4DD125-9F59-4EB6-9E14-E8A4C41386C1}.Debug|Any CPU.Build.0 = Debug|Any CPU
		{AF4DD125-9F59-4EB6-9E14-E8A4C41386C1}.Release|Any CPU.ActiveCfg = Release|Any CPU
		{AF4DD125-9F59-4EB6-9E14-E8A4C41386C1}.Release|Any CPU.Build.0 = Release|Any CPU
		{7F266657-44A4-45A6-BDCB-F270E5CA0701}.Debug|Any CPU.ActiveCfg = Debug|Any CPU
		{7F266657-44A4-45A6-BDCB-F270E5CA0701}.Debug|Any CPU.Build.0 = Debug|Any CPU
		{7F266657-44A4-45A6-BDCB-F270E5CA0701}.Debug|Any CPU.Deploy.0 = Debug|Any CPU
		{7F266657-44A4-45A6-BDCB-F270E5CA0701}.Release|Any CPU.ActiveCfg = Release|Any CPU
		{7F266657-44A4-45A6-BDCB-F270E5CA0701}.Release|Any CPU.Build.0 = Release|Any CPU
		{7F266657-44A4-45A6-BDCB-F270E5CA0701}.Release|Any CPU.Deploy.0 = Release|Any CPU
		{FEC1E86E-8DD7-4E77-BB5D-B22CB80F4F3D}.Debug|Any CPU.ActiveCfg = Debug|Any CPU
		{FEC1E86E-8DD7-4E77-BB5D-B22CB80F4F3D}.Debug|Any CPU.Build.0 = Debug|Any CPU
		{FEC1E86E-8DD7-4E77-BB5D-B22CB80F4F3D}.Release|Any CPU.ActiveCfg = Release|Any CPU
		{FEC1E86E-8DD7-4E77-BB5D-B22CB80F4F3D}.Release|Any CPU.Build.0 = Release|Any CPU
	EndGlobalSection
	GlobalSection(SolutionProperties) = preSolution
		HideSolutionNode = FALSE
	EndGlobalSection
	GlobalSection(ExtensibilityGlobals) = postSolution
		SolutionGuid = {9D4F51A2-9A86-4EE4-92F9-8A9ACB2DF79F}
	EndGlobalSection
EndGlobal
